
Microsoft Visual Studio Solution File, Format Version 12.00
# Visual Studio Version 16
VisualStudioVersion = 16.0.30517.126
MinimumVisualStudioVersion = 10.0.40219.1
Project("{9A19103F-16F7-4668-BE54-9A1E7A4F7556}") = "Analogy.LogViewer.PowerToys", "Analogy.LogViewer.PowerToys\Analogy.LogViewer.PowerToys.csproj", "{EAF4F4EA-619E-4F93-8394-DCE68564FEE3}"
EndProject
Project("{9A19103F-16F7-4668-BE54-9A1E7A4F7556}") = "Analogy.LogViewer.PowerToys.UnitTests", "Analogy.LogViewer.PowerToys.UnitTests\Analogy.LogViewer.PowerToys.UnitTests.csproj", "{566038EC-6A3E-4B13-AD8B-FB17A02337CB}"
EndProject
Global
	GlobalSection(SolutionConfigurationPlatforms) = preSolution
		Debug|Any CPU = Debug|Any CPU
		Release|Any CPU = Release|Any CPU
	EndGlobalSection
	GlobalSection(ProjectConfigurationPlatforms) = postSolution
		{EAF4F4EA-619E-4F93-8394-DCE68564FEE3}.Debug|Any CPU.ActiveCfg = Debug|Any CPU
		{EAF4F4EA-619E-4F93-8394-DCE68564FEE3}.Debug|Any CPU.Build.0 = Debug|Any CPU
		{EAF4F4EA-619E-4F93-8394-DCE68564FEE3}.Release|Any CPU.ActiveCfg = Release|Any CPU
		{EAF4F4EA-619E-4F93-8394-DCE68564FEE3}.Release|Any CPU.Build.0 = Release|Any CPU
		{566038EC-6A3E-4B13-AD8B-FB17A02337CB}.Debug|Any CPU.ActiveCfg = Debug|Any CPU
		{566038EC-6A3E-4B13-AD8B-FB17A02337CB}.Debug|Any CPU.Build.0 = Debug|Any CPU
		{566038EC-6A3E-4B13-AD8B-FB17A02337CB}.Release|Any CPU.ActiveCfg = Release|Any CPU
		{566038EC-6A3E-4B13-AD8B-FB17A02337CB}.Release|Any CPU.Build.0 = Release|Any CPU
	EndGlobalSection
	GlobalSection(SolutionProperties) = preSolution
		HideSolutionNode = FALSE
	EndGlobalSection
	GlobalSection(ExtensibilityGlobals) = postSolution
		SolutionGuid = {99C31ADF-5A25-4492-B3A4-70E35F0C4EEF}
	EndGlobalSection
EndGlobal
